
Microsoft Visual Studio Solution File, Format Version 12.00
# Visual Studio Version 17
VisualStudioVersion = 17.11.35312.102
MinimumVisualStudioVersion = 10.0.40219.1
Project("{F184B08F-C81C-45F6-A57F-5ABD9991F28F}") = "GreatDane", "GreatDane\GreatDane.vbproj", "{231C30A5-F1F5-4313-93D4-06D4F3CABC4E}"
EndProject
Global
	GlobalSection(SolutionConfigurationPlatforms) = preSolution
		Debug|Any CPU = Debug|Any CPU
		Release|Any CPU = Release|Any CPU
	EndGlobalSection
	GlobalSection(ProjectConfigurationPlatforms) = postSolution
		{231C30A5-F1F5-4313-93D4-06D4F3CABC4E}.Debug|Any CPU.ActiveCfg = Debug|Any CPU
		{231C30A5-F1F5-4313-93D4-06D4F3CABC4E}.Debug|Any CPU.Build.0 = Debug|Any CPU
		{231C30A5-F1F5-4313-93D4-06D4F3CABC4E}.Release|Any CPU.ActiveCfg = Release|Any CPU
		{231C30A5-F1F5-4313-93D4-06D4F3CABC4E}.Release|Any CPU.Build.0 = Release|Any CPU
	EndGlobalSection
	GlobalSection(SolutionProperties) = preSolution
		HideSolutionNode = FALSE
	EndGlobalSection
	GlobalSection(ExtensibilityGlobals) = postSolution
		SolutionGuid = {E86D86DB-EC96-4BB7-8954-9569082A8C1D}
	EndGlobalSection
EndGlobal
